
Microsoft Visual Studio Solution File, Format Version 12.00
# Visual Studio 14
VisualStudioVersion = 14.0.25420.1
MinimumVisualStudioVersion = 10.0.40219.1
Project("{FAE04EC0-301F-11D3-BF4B-00C04F79EFBC}") = "StructuredLogging.Client", "StructuredLogging.Client\StructuredLogging.Client.csproj", "{9F625D85-CAEA-4B43-A52C-F0C0D7599E8C}"
EndProject
Project("{FAE04EC0-301F-11D3-BF4B-00C04F79EFBC}") = "StructuredLogging.Client.Sample", "StructuredLogging.Client.Sample\StructuredLogging.Client.Sample.csproj", "{7D279271-202B-4F1E-9B6C-F433D8A350A9}"
EndProject
Project("{2150E333-8FDC-42A3-9474-1A3956D46DE8}") = "Clients", "Clients", "{13FCC91E-5B4E-4FED-A206-ADE1EB582B08}"
EndProject
Project("{2150E333-8FDC-42A3-9474-1A3956D46DE8}") = "log4net", "log4net", "{839BAF6C-413B-493E-A4E2-D7E04D47EFA8}"
EndProject
Project("{FAE04EC0-301F-11D3-BF4B-00C04F79EFBC}") = "StructuredLogging.Client.Log4Net", "StructuredLogging.Client.Log4Net\StructuredLogging.Client.Log4Net.csproj", "{E215EE06-7953-4A23-8553-22D3A17185B3}"
EndProject
Project("{FAE04EC0-301F-11D3-BF4B-00C04F79EFBC}") = "StructuredLogging.Client.Log4Net.Sample", "StructuredLogging.Client.Log4Net.Sample\StructuredLogging.Client.Log4Net.Sample.csproj", "{EEEEF407-4E57-46BA-9BD5-A6D9F8AFA9CE}"
EndProject
Project("{2150E333-8FDC-42A3-9474-1A3956D46DE8}") = "NLog", "NLog", "{0164A317-A168-4C95-94E4-C229E048A3D3}"
EndProject
Project("{FAE04EC0-301F-11D3-BF4B-00C04F79EFBC}") = "StructuredLogging.Client.NLog", "StructuredLogging.Client.NLog\StructuredLogging.Client.NLog.csproj", "{87501D50-5E76-47B7-B96C-37C8F0F9A3CF}"
EndProject
Project("{FAE04EC0-301F-11D3-BF4B-00C04F79EFBC}") = "StructuredLogging.Client.NLog.Sample", "StructuredLogging.Client.NLog.Sample\StructuredLogging.Client.NLog.Sample.csproj", "{B4DBAA23-B60E-4D4B-8CDF-E3598A005BEB}"
EndProject
Global
	GlobalSection(SolutionConfigurationPlatforms) = preSolution
		Debug|Any CPU = Debug|Any CPU
		Release|Any CPU = Release|Any CPU
	EndGlobalSection
	GlobalSection(ProjectConfigurationPlatforms) = postSolution
		{9F625D85-CAEA-4B43-A52C-F0C0D7599E8C}.Debug|Any CPU.ActiveCfg = Debug|Any CPU
		{9F625D85-CAEA-4B43-A52C-F0C0D7599E8C}.Debug|Any CPU.Build.0 = Debug|Any CPU
		{9F625D85-CAEA-4B43-A52C-F0C0D7599E8C}.Release|Any CPU.ActiveCfg = Release|Any CPU
		{9F625D85-CAEA-4B43-A52C-F0C0D7599E8C}.Release|Any CPU.Build.0 = Release|Any CPU
		{7D279271-202B-4F1E-9B6C-F433D8A350A9}.Debug|Any CPU.ActiveCfg = Debug|Any CPU
		{7D279271-202B-4F1E-9B6C-F433D8A350A9}.Debug|Any CPU.Build.0 = Debug|Any CPU
		{7D279271-202B-4F1E-9B6C-F433D8A350A9}.Release|Any CPU.ActiveCfg = Release|Any CPU
		{7D279271-202B-4F1E-9B6C-F433D8A350A9}.Release|Any CPU.Build.0 = Release|Any CPU
		{E215EE06-7953-4A23-8553-22D3A17185B3}.Debug|Any CPU.ActiveCfg = Debug|Any CPU
		{E215EE06-7953-4A23-8553-22D3A17185B3}.Debug|Any CPU.Build.0 = Debug|Any CPU
		{E215EE06-7953-4A23-8553-22D3A17185B3}.Release|Any CPU.ActiveCfg = Release|Any CPU
		{E215EE06-7953-4A23-8553-22D3A17185B3}.Release|Any CPU.Build.0 = Release|Any CPU
		{EEEEF407-4E57-46BA-9BD5-A6D9F8AFA9CE}.Debug|Any CPU.ActiveCfg = Debug|Any CPU
		{EEEEF407-4E57-46BA-9BD5-A6D9F8AFA9CE}.Debug|Any CPU.Build.0 = Debug|Any CPU
		{EEEEF407-4E57-46BA-9BD5-A6D9F8AFA9CE}.Release|Any CPU.ActiveCfg = Release|Any CPU
		{EEEEF407-4E57-46BA-9BD5-A6D9F8AFA9CE}.Release|Any CPU.Build.0 = Release|Any CPU
		{87501D50-5E76-47B7-B96C-37C8F0F9A3CF}.Debug|Any CPU.ActiveCfg = Debug|Any CPU
		{87501D50-5E76-47B7-B96C-37C8F0F9A3CF}.Debug|Any CPU.Build.0 = Debug|Any CPU
		{87501D50-5E76-47B7-B96C-37C8F0F9A3CF}.Release|Any CPU.ActiveCfg = Release|Any CPU
		{87501D50-5E76-47B7-B96C-37C8F0F9A3CF}.Release|Any CPU.Build.0 = Release|Any CPU
		{B4DBAA23-B60E-4D4B-8CDF-E3598A005BEB}.Debug|Any CPU.ActiveCfg = Debug|Any CPU
		{B4DBAA23-B60E-4D4B-8CDF-E3598A005BEB}.Debug|Any CPU.Build.0 = Debug|Any CPU
		{B4DBAA23-B60E-4D4B-8CDF-E3598A005BEB}.Release|Any CPU.ActiveCfg = Release|Any CPU
		{B4DBAA23-B60E-4D4B-8CDF-E3598A005BEB}.Release|Any CPU.Build.0 = Release|Any CPU
	EndGlobalSection
	GlobalSection(SolutionProperties) = preSolution
		HideSolutionNode = FALSE
	EndGlobalSection
	GlobalSection(NestedProjects) = preSolution
		{839BAF6C-413B-493E-A4E2-D7E04D47EFA8} = {13FCC91E-5B4E-4FED-A206-ADE1EB582B08}
		{E215EE06-7953-4A23-8553-22D3A17185B3} = {839BAF6C-413B-493E-A4E2-D7E04D47EFA8}
		{EEEEF407-4E57-46BA-9BD5-A6D9F8AFA9CE} = {839BAF6C-413B-493E-A4E2-D7E04D47EFA8}
		{0164A317-A168-4C95-94E4-C229E048A3D3} = {13FCC91E-5B4E-4FED-A206-ADE1EB582B08}
		{87501D50-5E76-47B7-B96C-37C8F0F9A3CF} = {0164A317-A168-4C95-94E4-C229E048A3D3}
		{B4DBAA23-B60E-4D4B-8CDF-E3598A005BEB} = {0164A317-A168-4C95-94E4-C229E048A3D3}
	EndGlobalSection
EndGlobal
